[[package]]
category = "main"
description = "File support for asyncio."
name = "aiofiles"
optional = false
python-versions = "*"
version = "0.4.0"

[[package]]
category = "main"
description = "Manage background asyncio tasks"
name = "aionursery"
optional = false
python-versions = ">=3.5,<4.0"
version = "0.3.0"

[[package]]
category = "main"
description = "High level compatibility layer for multiple asynchronous event loop implementations"
name = "anyio"
optional = false
python-versions = ">=3.5.3"
version = "1.3.0"

[package.dependencies]
async-generator = "*"
sniffio = ">=1.1"

[package.extras]
curio = ["curio (>=0.9)"]
doc = ["sphinx-rtd-theme", "sphinx-autodoc-typehints (>=1.2.0)"]
test = ["coverage (>=4.5)", "hypothesis (>=4.0)", "pytest (>=3.7.2)", "uvloop"]
trio = ["trio (>=0.12)"]

[[package]]
category = "main"
description = "Async generators and context managers for Python 3.5+"
name = "async-generator"
optional = false
python-versions = ">=3.5"
version = "1.10"

[[package]]
category = "main"
description = "Timeout context manager for asyncio programs"
name = "async-timeout"
optional = false
python-versions = ">=3.5.3"
version = "3.0.1"

[[package]]
category = "main"
description = "Sniff out which async library your code is running under"
name = "sniffio"
optional = false
python-versions = ">=3.5"
version = "1.1.0"

[metadata]
content-hash = "a993c62cfdbc28baf7de09af191f1a69f2c45117df4c2369d32454143085b1c1"
python-versions = "^3.7"

[metadata.files]
aiofiles = [
    {file = "aiofiles-0.4.0-py3-none-any.whl", hash = "sha256:1e644c2573f953664368de28d2aa4c89dfd64550429d0c27c4680ccd3aa4985d"},
    {file = "aiofiles-0.4.0.tar.gz", hash = "sha256:021ea0ba314a86027c166ecc4b4c07f2d40fc0f4b3a950d1868a0f2571c2bbee"},
]
aionursery = [
    {file = "aionursery-0.3.0-py3-none-any.whl", hash = "sha256:bc6953501add61dd0e24b1755a645dfbccd904c2737b6fce4e28f3294bab88d0"},
    {file = "aionursery-0.3.0.tar.gz", hash = "sha256:0836d9863393cfe68a18e91c6a00af788960cb40207a1f19105270012f4e08ce"},
]
anyio = [
    {file = "anyio-1.3.0-py3-none-any.whl", hash = "sha256:db2c3d21576870b95d4fd0b8f4a0f9c64057f777c578f3a8127179a17c8c067e"},
    {file = "anyio-1.3.0.tar.gz", hash = "sha256:7deae0315dd10aa41c21528b83352e4b52f44e6153a21081a3d1cd8c03728e46"},
]
async-generator = [
    {file = "async_generator-1.10-py3-none-any.whl", hash = "sha256:01c7bf666359b4967d2cda0000cc2e4af16a0ae098cbffcb8472fb9e8ad6585b"},
    {file = "async_generator-1.10.tar.gz", hash = "sha256:6ebb3d106c12920aaae42ccb6f787ef5eefdcdd166ea3d628fa8476abe712144"},
]
async-timeout = [
    {file = "async-timeout-3.0.1.tar.gz", hash = "sha256:0c3c816a028d47f659d6ff5c745cb2acf1f966da1fe5c19c77a70282b25f4c5f"},
    {file = "async_timeout-3.0.1-py3-none-any.whl", hash = "sha256:4291ca197d287d274d0b6cb5d6f8f8f82d434ed288f962539ff18cc9012f9ea3"},
]
sniffio = [
    {file = "sniffio-1.1.0-py3-none-any.whl", hash = "sha256:20ed6d5b46f8ae136d00b9dcb807615d83ed82ceea6b2058cecb696765246da5"},
    {file = "sniffio-1.1.0.tar.gz", hash = "sha256:8e3810100f69fe0edd463d02ad407112542a11ffdc29f67db2bf3771afb87a21"},
]
